
Microsoft Visual Studio Solution File, Format Version 12.00
# Visual Studio 2012
Project("{FAE04EC0-301F-11D3-BF4B-00C04F79EFBC}") = "Saguaro", "Saguaro\Saguaro.csproj", "{3966312C-44F7-4398-94C8-ED19D9B94040}"
EndProject
Global
	GlobalSection(SolutionConfigurationPlatforms) = preSolution
		Debug|Any CPU = Debug|Any CPU
		Production|Any CPU = Production|Any CPU
	EndGlobalSection
	GlobalSection(ProjectConfigurationPlatforms) = postSolution
		{3966312C-44F7-4398-94C8-ED19D9B94040}.Debug|Any CPU.ActiveCfg = Debug|Any CPU
		{3966312C-44F7-4398-94C8-ED19D9B94040}.Debug|Any CPU.Build.0 = Debug|Any CPU
		{3966312C-44F7-4398-94C8-ED19D9B94040}.Production|Any CPU.ActiveCfg = Production|Any CPU
		{3966312C-44F7-4398-94C8-ED19D9B94040}.Production|Any CPU.Build.0 = Production|Any CPU
	EndGlobalSection
	GlobalSection(SolutionProperties) = preSolution
		HideSolutionNode = FALSE
	EndGlobalSection
EndGlobal
